// !$*UTF8*$!
{
	archiveVersion = 1;
	classes = {
	};
	objectVersion = 46;
	objects = {

/* Begin PBXBuildFile section */
		701045681C42C86000B9EE07 /* main.m in Sources */ = {isa = PBXBuildFile; fileRef = 701045671C42C86000B9EE07 /* main.m */; };
		7010456B1C42C86000B9EE07 /* AppDelegate.m in Sources */ = {isa = PBXBuildFile; fileRef = 7010456A1C42C86000B9EE07 /* AppDelegate.m */; };
		7010456E1C42C86000B9EE07 /* ViewController.m in Sources */ = {isa = PBXBuildFile; fileRef = 7010456D1C42C86000B9EE07 /* ViewController.m */; };
		701045711C42C86000B9EE07 /* Main.storyboard in Resources */ = {isa = PBXBuildFile; fileRef = 7010456F1C42C86000B9EE07 /* Main.storyboard */; };
		701045731C42C86000B9EE07 /* Assets.xcassets in Resources */ = {isa = PBXBuildFile; fileRef = 701045721C42C86000B9EE07 /* Assets.xcassets */; };
		701045761C42C86000B9EE07 /* LaunchScreen.storyboard in Resources */ = {isa = PBXBuildFile; fileRef = 701045741C42C86000B9EE07 /* LaunchScreen.storyboard */; };
		A2789B2D3300B3D1198FBF8E /* libPods.a in Frameworks */ = {isa = PBXBuildFile; fileRef = 8A7F1FF6EB42AC31B32108E5 /* libPods.a */; };
/* End PBXBuildFile section */

/* Begin PBXFileReference section */
		701045631C42C86000B9EE07 /* ScanCard.app */ = {isa = PBXFileReference; explicitFileType = wrapper.application; includeInIndex = 0; path = ScanCard.app; sourceTree = BUILT_PRODUCTS_DIR; };
		701045671C42C86000B9EE07 /* main.m */ = {isa = PBXFileReference; lastKnownFileType = sourcecode.c.objc; path = main.m; sourceTree = "<group>"; };
		701045691C42C86000B9EE07 /* AppDelegate.h */ = {isa = PBXFileReference; lastKnownFileType = sourcecode.c.h; path = AppDelegate.h; sourceTree = "<group>"; };
		7010456A1C42C86000B9EE07 /* AppDelegate.m */ = {isa = PBXFileReference; lastKnownFileType = sourcecode.c.objc; path = AppDelegate.m; sourceTree = "<group>"; };
		7010456C1C42C86000B9EE07 /* ViewController.h */ = {isa = PBXFileReference; lastKnownFileType = sourcecode.c.h; path = ViewController.h; sourceTree = "<group>"; };
		7010456D1C42C86000B9EE07 /* ViewController.m */ = {isa = PBXFileReference; lastKnownFileType = sourcecode.c.objc; path = ViewController.m; sourceTree = "<group>"; };
		701045701C42C86000B9EE07 /* Base */ = {isa = PBXFileReference; lastKnownFileType = file.storyboard; name = Base; path = Base.lproj/Main.storyboard; sourceTree = "<group>"; };
		701045721C42C86000B9EE07 /* Assets.xcassets */ = {isa = PBXFileReference; lastKnownFileType = folder.assetcatalog; path = Assets.xcassets; sourceTree = "<group>"; };
		701045751C42C86000B9EE07 /* Base */ = {isa = PBXFileReference; lastKnownFileType = file.storyboard; name = Base; path = Base.lproj/LaunchScreen.storyboard; sourceTree = "<group>"; };
		701045771C42C86000B9EE07 /* Info.plist */ = {isa = PBXFileReference; lastKnownFileType = text.plist.xml; path = Info.plist; sourceTree = "<group>"; };
		7DF3FDFB45CACB38EA4F71F6 /* Pods.release.xcconfig */ = {isa = PBXFileReference; includeInIndex = 1; lastKnownFileType = text.xcconfig; name = Pods.release.xcconfig; path = "Pods/Target Support Files/Pods/Pods.release.xcconfig"; sourceTree = "<group>"; };
		8A7F1FF6EB42AC31B32108E5 /* libPods.a */ = {isa = PBXFileReference; explicitFileType = archive.ar; includeInIndex = 0; path = libPods.a; sourceTree = BUILT_PRODUCTS_DIR; };
		DD7CA4F430FEAA4785C11437 /* Pods.debug.xcconfig */ = {isa = PBXFileReference; includeInIndex = 1; lastKnownFileType = text.xcconfig; name = Pods.debug.xcconfig; path = "Pods/Target Support Files/Pods/Pods.debug.xcconfig"; sourceTree = "<group>"; };
/* End PBXFileReference section */

/* Begin PBXFrameworksBuildPhase section */
		701045601C42C86000B9EE07 /* Frameworks */ = {
			isa = PBXFrameworksBuildPhase;
			buildActionMask = 2147483647;
			files = (
				A2789B2D3300B3D1198FBF8E /* libPods.a in Frameworks */,
			);
			runOnlyForDeploymentPostprocessing = 0;
		};
/* End PBXFrameworksBuildPhase section */

/* Begin PBXGroup section */
		4761330F53E19D20ABAD7CFA /* Pods */ = {
			isa = PBXGroup;
			children = (
				DD7CA4F430FEAA4785C11437 /* Pods.debug.xcconfig */,
				7DF3FDFB45CACB38EA4F71F6 /* Pods.release.xcconfig */,
			);
			name = Pods;
			sourceTree = "<group>";
		};
		7010455A1C42C86000B9EE07 = {
			isa = PBXGroup;
			children = (
				701045651C42C86000B9EE07 /* ScanCard */,
				701045641C42C86000B9EE07 /* Products */,
				4761330F53E19D20ABAD7CFA /* Pods */,
				82FC264D827957D4FA7D170A /* Frameworks */,
			);
			sourceTree = "<group>";
		};
		701045641C42C86000B9EE07 /* Products */ = {
			isa = PBXGroup;
			children = (
				701045631C42C86000B9EE07 /* ScanCard.app */,
			);
			name = Products;
			sourceTree = "<group>";
		};
		701045651C42C86000B9EE07 /* ScanCard */ = {
			isa = PBXGroup;
			children = (
				701045691C42C86000B9EE07 /* AppDelegate.h */,
				7010456A1C42C86000B9EE07 /* AppDelegate.m */,
				7010456C1C42C86000B9EE07 /* ViewController.h */,
				7010456D1C42C86000B9EE07 /* ViewController.m */,
				7010456F1C42C86000B9EE07 /* Main.storyboard */,
				701045721C42C86000B9EE07 /* Assets.xcassets */,
				701045741C42C86000B9EE07 /* LaunchScreen.storyboard */,
				701045771C42C86000B9EE07 /* Info.plist */,
				701045661C42C86000B9EE07 /* Supporting Files */,
			);
			path = ScanCard;
			sourceTree = "<group>";
		};
		701045661C42C86000B9EE07 /* Supporting Files */ = {
			isa = PBXGroup;
			children = (
				701045671C42C86000B9EE07 /* main.m */,
			);
			name = "Supporting Files";
			sourceTree = "<group>";
		};
		82FC264D827957D4FA7D170A /* Frameworks */ = {
			isa = PBXGroup;
			children = (
				8A7F1FF6EB42AC31B32108E5 /* libPods.a */,
			);
			name = Frameworks;
			sourceTree = "<group>";
		};
/* End PBXGroup section */

/* Begin PBXNativeTarget section */
		701045621C42C86000B9EE07 /* ScanCard */ = {
			isa = PBXNativeTarget;
			buildConfigurationList = 7010457A1C42C86000B9EE07 /* Build configuration list for PBXNativeTarget "ScanCard" */;
			buildPhases = (
				EAA74D1C056CE079C42DA99C /* Check Pods Manifest.lock */,
				7010455F1C42C86000B9EE07 /* Sources */,
				701045601C42C86000B9EE07 /* Frameworks */,
				701045611C42C86000B9EE07 /* Resources */,
				6CEC8B820E670D1E1C335BEB /* Embed Pods Frameworks */,
				BD4473DD29D3A51C61A0D979 /* Copy Pods Resources */,
			);
			buildRules = (
			);
			dependencies = (
			);
			name = ScanCard;
			productName = ScanCard;
			productReference = 701045631C42C86000B9EE07 /* ScanCard.app */;
			productType = "com.apple.product-type.application";
		};
/* End PBXNativeTarget section */

/* Begin PBXProject section */
		7010455B1C42C86000B9EE07 /* Project object */ = {
			isa = PBXProject;
			attributes = {
				LastUpgradeCheck = 0720;
				ORGANIZATIONNAME = "Mohit Sadhu";
				TargetAttributes = {
					701045621C42C86000B9EE07 = {
						CreatedOnToolsVersion = 7.2;
					};
				};
			};
			buildConfigurationList = 7010455E1C42C86000B9EE07 /* Build configuration list for PBXProject "ScanCard" */;
			compatibilityVersion = "Xcode 3.2";
			developmentRegion = English;
			hasScannedForEncodings = 0;
			knownRegions = (
				en,
				Base,
			);
			mainGroup = 7010455A1C42C86000B9EE07;
			productRefGroup = 701045641C42C86000B9EE07 /* Products */;
			projectDirPath = "";
			projectRoot = "";
			targets = (
				701045621C42C86000B9EE07 /* ScanCard */,
			);
		};
/* End PBXProject section */

/* Begin PBXResourcesBuildPhase section */
		701045611C42C86000B9EE07 /* Resources */ = {
			isa = PBXResourcesBuildPhase;
			buildActionMask = 2147483647;
			files = (
				701045761C42C86000B9EE07 /* LaunchScreen.storyboard in Resources */,
				701045731C42C86000B9EE07 /* Assets.xcassets in Resources */,
				701045711C42C86000B9EE07 /* Main.storyboard in Resources */,
			);
			runOnlyForDeploymentPostprocessing = 0;
		};
/* End PBXResourcesBuildPhase section */

/* Begin PBXShellScriptBuildPhase section */
		6CEC8B820E670D1E1C335BEB /* Embed Pods Frameworks */ = {
			isa = PBXShellScriptBuildPhase;
			buildActionMask = 2147483647;
			files = (
			);
			inputPaths = (
			);
			name = "Embed Pods Frameworks";
			outputPaths = (
			);
			runOnlyForDeploymentPostprocessing = 0;
			shellPath = /bin/sh;
			shellScript = "\"${SRCROOT}/Pods/Target Support Files/Pods/Pods-frameworks.sh\"\n";
			showEnvVarsInLog = 0;
		};
		BD4473DD29D3A51C61A0D979 /* Copy Pods Resources */ = {
			isa = PBXShellScriptBuildPhase;
			buildActionMask = 2147483647;
			files = (
			);
			inputPaths = (
			);
			name = "Copy Pods Resources";
			outputPaths = (
			);
			runOnlyForDeploymentPostprocessing = 0;
			shellPath = /bin/sh;
			shellScript = "\"${SRCROOT}/Pods/Target Support Files/Pods/Pods-resources.sh\"\n";
			showEnvVarsInLog = 0;
		};
		EAA74D1C056CE079C42DA99C /* Check Pods Manifest.lock */ = {
			isa = PBXShellScriptBuildPhase;
			buildActionMask = 2147483647;
			files = (
			);
			inputPaths = (
			);
			name = "Check Pods Manifest.lock";
			outputPaths = (
			);
			runOnlyForDeploymentPostprocessing = 0;
			shellPath = /bin/sh;
			shellScript = "diff \"${PODS_ROOT}/../Podfile.lock\" \"${PODS_ROOT}/Manifest.lock\" > /dev/null\nif [[ $? != 0 ]] ; then\n    cat << EOM\nerror: The sandbox is not in sync with the Podfile.lock. Run 'pod install' or update your CocoaPods installation.\nEOM\n    exit 1\nfi\n";
			showEnvVarsInLog = 0;
		};
/* End PBXShellScriptBuildPhase section */

/* Begin PBXSourcesBuildPhase section */
		7010455F1C42C86000B9EE07 /* Sources */ = {
			isa = PBXSourcesBuildPhase;
			buildActionMask = 2147483647;
			files = (
				7010456E1C42C86000B9EE07 /* ViewController.m in Sources */,
				7010456B1C42C86000B9EE07 /* AppDelegate.m in Sources */,
				701045681C42C86000B9EE07 /* main.m in Sources */,
			);
			runOnlyForDeploymentPostprocessing = 0;
		};
/* End PBXSourcesBuildPhase section */

/* Begin PBXVariantGroup section */
		7010456F1C42C86000B9EE07 /* Main.storyboard */ = {
			isa = PBXVariantGroup;
			children = (
				701045701C42C86000B9EE07 /* Base */,
			);
			name = Main.storyboard;
			sourceTree = "<group>";
		};
		701045741C42C86000B9EE07 /* LaunchScreen.storyboard */ = {
			isa = PBXVariantGroup;
			children = (
				701045751C42C86000B9EE07 /* Base */,
			);
			name = LaunchScreen.storyboard;
			sourceTree = "<group>";
		};
/* End PBXVariantGroup section */

/* Begin XCBuildConfiguration section */
		701045781C42C86000B9EE07 /* Debug */ = {
			isa = XCBuildConfiguration;
			buildSettings = {
				ALWAYS_SEARCH_USER_PATHS = NO;
				CLANG_CXX_LANGUAGE_STANDARD = "gnu++0x";
				CLANG_CXX_LIBRARY = "libc++";
				CLANG_ENABLE_MODULES = YES;
				CLANG_ENABLE_OBJC_ARC = YES;
				CLANG_WARN_BOOL_CONVERSION = YES;
				CLANG_WARN_CONSTANT_CONVERSION = YES;
				CLANG_WARN_DIRECT_OBJC_ISA_USAGE = YES_ERROR;
				CLANG_WARN_EMPTY_BODY = YES;
				CLANG_WARN_ENUM_CONVERSION = YES;
				CLANG_WARN_INT_CONVERSION = YES;
				CLANG_WARN_OBJC_ROOT_CLASS = YES_ERROR;
				CLANG_WARN_UNREACHABLE_CODE = YES;
				CLANG_WARN__DUPLICATE_METHOD_MATCH = YES;
				"CODE_SIGN_IDENTITY[sdk=iphoneos*]" = "iPhone Developer";
				COPY_PHASE_STRIP = NO;
				DEBUG_INFORMATION_FORMAT = dwarf;
				ENABLE_STRICT_OBJC_MSGSEND = YES;
				ENABLE_TESTABILITY = YES;
				GCC_C_LANGUAGE_STANDARD = gnu99;
				GCC_DYNAMIC_NO_PIC = NO;
				GCC_NO_COMMON_BLOCKS = YES;
				GCC_OPTIMIZATION_LEVEL = 0;
				GCC_PREPROCESSOR_DEFINITIONS = (
					"DEBUG=1",
					"$(inherited)",
				);
				GCC_WARN_64_TO_32_BIT_CONVERSION = YES;
				GCC_WARN_ABOUT_RETURN_TYPE = YES_ERROR;
				GCC_WARN_UNDECLARED_SELECTOR = YES;
				GCC_WARN_UNINITIALIZED_AUTOS = YES_AGGRESSIVE;
				GCC_WARN_UNUSED_FUNCTION = YES;
				GCC_WARN_UNUSED_VARIABLE = YES;
				IPHONEOS_DEPLOYMENT_TARGET = 9.2;
				MTL_ENABLE_DEBUG_INFO = YES;
				ONLY_ACTIVE_ARCH = YES;
				SDKROOT = iphoneos;
			};
			name = Debug;
		};
		701045791C42C86000B9EE07 /* Release */ = {
			isa = XCBuildConfiguration;
			buildSettings = {
				ALWAYS_SEARCH_USER_PATHS = NO;
				CLANG_CXX_LANGUAGE_STANDARD = "gnu++0x";
				CLANG_CXX_LIBRARY = "libc++";
				CLANG_ENABLE_MODULES = YES;
				CLANG_ENABLE_OBJC_ARC = YES;
				CLANG_WARN_BOOL_CONVERSION = YES;
				CLANG_WARN_CONSTANT_CONVERSION = YES;
				CLANG_WARN_DIRECT_OBJC_ISA_USAGE = YES_ERROR;
				CLANG_WARN_EMPTY_BODY = YES;
				CLANG_WARN_ENUM_CONVERSION = YES;
				CLANG_WARN_INT_CONVERSION = YES;
				CLANG_WARN_OBJC_ROOT_CLASS = YES_ERROR;
				CLANG_WARN_UNREACHABLE_CODE = YES;
				CLANG_WARN__DUPLICATE_METHOD_MATCH = YES;
				"CODE_SIGN_IDENTITY[sdk=iphoneos*]" = "iPhone Developer";
				COPY_PHASE_STRIP = NO;
				DEBUG_INFORMATION_FORMAT = "dwarf-with-dsym";
				ENABLE_NS_ASSERTIONS = NO;
				ENABLE_STRICT_OBJC_MSGSEND = YES;
				GCC_C_LANGUAGE_STANDARD = gnu99;
				GCC_NO_COMMON_BLOCKS = YES;
				GCC_WARN_64_TO_32_BIT_CONVERSION = YES;
				GCC_WARN_ABOUT_RETURN_TYPE = YES_ERROR;
				GCC_WARN_UNDECLARED_SELECTOR = YES;
				GCC_WARN_UNINITIALIZED_AUTOS = YES_AGGRESSIVE;
				GCC_WARN_UNUSED_FUNCTION = YES;
				GCC_WARN_UNUSED_VARIABLE = YES;
				IPHONEOS_DEPLOYMENT_TARGET = 9.2;
				MTL_ENABLE_DEBUG_INFO = NO;
				SDKROOT = iphoneos;
				VALIDATE_PRODUCT = YES;
			};
			name = Release;
		};
		7010457B1C42C86000B9EE07 /* Debug */ = {
			isa = XCBuildConfiguration;
			baseConfigurationReference = DD7CA4F430FEAA4785C11437 /* Pods.debug.xcconfig */;
			buildSettings = {
				ASSETCATALOG_COMPILER_APPICON_NAME = AppIcon;
				INFOPLIST_FILE = ScanCard/Info.plist;
				LD_RUNPATH_SEARCH_PATHS = "$(inherited) @executable_path/Frameworks";
				PRODUCT_BUNDLE_IDENTIFIER = com.mohitsadhu.ScanCard;
				PRODUCT_NAME = "$(TARGET_NAME)";
			};
			name = Debug;
		};
		7010457C1C42C86000B9EE07 /* Release */ = {
			isa = XCBuildConfiguration;
			baseConfigurationReference = 7DF3FDFB45CACB38EA4F71F6 /* Pods.release.xcconfig */;
			buildSettings = {
				ASSETCATALOG_COMPILER_APPICON_NAME = AppIcon;
				INFOPLIST_FILE = ScanCard/Info.plist;
				LD_RUNPATH_SEARCH_PATHS = "$(inherited) @executable_path/Frameworks";
				PRODUCT_BUNDLE_IDENTIFIER = com.mohitsadhu.ScanCard;
				PRODUCT_NAME = "$(TARGET_NAME)";
			};
			name = Release;
		};
/* End XCBuildConfiguration section */

/* Begin XCConfigurationList section */
		7010455E1C42C86000B9EE07 /* Build configuration list for PBXProject "ScanCard" */ = {
			isa = XCConfigurationList;
			buildConfigurations = (
				701045781C42C86000B9EE07 /* Debug */,
				701045791C42C86000B9EE07 /* Release */,
			);
			defaultConfigurationIsVisible = 0;
			defaultConfigurationName = Release;
		};
		7010457A1C42C86000B9EE07 /* Build configuration list for PBXNativeTarget "ScanCard" */ = {
			isa = XCConfigurationList;
			buildConfigurations = (
				7010457B1C42C86000B9EE07 /* Debug */,
				7010457C1C42C86000B9EE07 /* Release */,
			);
			defaultConfigurationIsVisible = 0;
			defaultConfigurationName = Release;
		};
/* End XCConfigurationList section */
	};
	rootObject = 7010455B1C42C86000B9EE07 /* Project object */;
}
